{
  "object": {
    "pins": [
      {
        "package": "Kanna",
        "repositoryURL": "https://github.com/tid-kijyun/Kanna.git",
        "state": {
          "branch": null,
          "revision": "609367a2cd84827a33383cf7923cb4fe8f69ee0a",
          "version": "5.2.2"
        }
      },
      {
        "package": "ZIPFoundation",
        "repositoryURL": "https://github.com/weichsel/ZIPFoundation.git",
        "state": {
          "branch": null,
          "revision": "ec32d62d412578542c0ffb7a6ce34d3e64b43b94",
          "version": "0.9.11"
        }
      }
    ]
  },
  "version": 1
}
